dependencies:
- name: rasa-common
  repository: https://whoacademy.github.io/helm-charts
  version: 1.0.3
- name: postgresql
  repository: oci://europe-west3-docker.pkg.dev/rasa-releases/rasa-x-helm
  version: 10.16.2
- name: redis
  repository: oci://europe-west3-docker.pkg.dev/rasa-releases/rasa-x-helm
  version: 15.7.6
- name: rabbitmq
  repository: oci://europe-west3-docker.pkg.dev/rasa-releases/rasa-x-helm
  version: 8.32.2
- name: rasa-action-server
  repository: https://helm.rasa.com
  version: 1.0.8
- name: duckling
  repository: https://helm.rasa.com
  version: 1.1.5
digest: sha256:22db239c3f5cb56585f44ca83527d24f6556d2afe3dc2e1181771ed25f4ea928
generated: "2024-04-04T15:41:27.9479841+02:00"
